
Microsoft Visual Studio Solution File, Format Version 12.00
# Visual Studio Version 16
VisualStudioVersion = 16.0.32106.194
MinimumVisualStudioVersion = 10.0.40219.1
Project("{FAE04EC0-301F-11D3-BF4B-00C04F79EFBC}") = "Messages.Api", "Messages.Api.csproj", "{B2B0C934-7E13-45AD-AEBD-213D66509AAB}"
EndProject
Project("{FAE04EC0-301F-11D3-BF4B-00C04F79EFBC}") = "Messages.Entity", "..\Messages.Entity\Messages.Entity.csproj", "{CFC6E1F8-5D5A-41E0-A7F3-BF1758A42DCE}"
EndProject
Project("{FAE04EC0-301F-11D3-BF4B-00C04F79EFBC}") = "Messages.Repo", "..\Messages.Repo\Messages.Repo.csproj", "{F116BDF8-CC02-4959-A87B-9F59BAF16F5A}"
EndProject
Global
	GlobalSection(SolutionConfigurationPlatforms) = preSolution
		Debug|Any CPU = Debug|Any CPU
		Release|Any CPU = Release|Any CPU
	EndGlobalSection
	GlobalSection(ProjectConfigurationPlatforms) = postSolution
		{B2B0C934-7E13-45AD-AEBD-213D66509AAB}.Debug|Any CPU.ActiveCfg = Debug|Any CPU
		{B2B0C934-7E13-45AD-AEBD-213D66509AAB}.Debug|Any CPU.Build.0 = Debug|Any CPU
		{B2B0C934-7E13-45AD-AEBD-213D66509AAB}.Release|Any CPU.ActiveCfg = Release|Any CPU
		{B2B0C934-7E13-45AD-AEBD-213D66509AAB}.Release|Any CPU.Build.0 = Release|Any CPU
		{CFC6E1F8-5D5A-41E0-A7F3-BF1758A42DCE}.Debug|Any CPU.ActiveCfg = Debug|Any CPU
		{CFC6E1F8-5D5A-41E0-A7F3-BF1758A42DCE}.Debug|Any CPU.Build.0 = Debug|Any CPU
		{CFC6E1F8-5D5A-41E0-A7F3-BF1758A42DCE}.Release|Any CPU.ActiveCfg = Release|Any CPU
		{CFC6E1F8-5D5A-41E0-A7F3-BF1758A42DCE}.Release|Any CPU.Build.0 = Release|Any CPU
		{F116BDF8-CC02-4959-A87B-9F59BAF16F5A}.Debug|Any CPU.ActiveCfg = Debug|Any CPU
		{F116BDF8-CC02-4959-A87B-9F59BAF16F5A}.Debug|Any CPU.Build.0 = Debug|Any CPU
		{F116BDF8-CC02-4959-A87B-9F59BAF16F5A}.Release|Any CPU.ActiveCfg = Release|Any CPU
		{F116BDF8-CC02-4959-A87B-9F59BAF16F5A}.Release|Any CPU.Build.0 = Release|Any CPU
	EndGlobalSection
	GlobalSection(SolutionProperties) = preSolution
		HideSolutionNode = FALSE
	EndGlobalSection
	GlobalSection(ExtensibilityGlobals) = postSolution
		SolutionGuid = {BE07EA7A-BC45-4E18-88CF-BBE758C16524}
	EndGlobalSection
EndGlobal
